
Microsoft Visual Studio Solution File, Format Version 12.00
# Visual Studio Version 17
VisualStudioVersion = 17.6.33717.318
MinimumVisualStudioVersion = 10.0.40219.1
Project("{FAE04EC0-301F-11D3-BF4B-00C04F79EFBC}") = "Project2", "Project2.csproj", "{EA37C9AB-82FC-4BB9-BAAC-1B6306EA1237}"
EndProject
Global
	GlobalSection(SolutionConfigurationPlatforms) = preSolution
		Debug|Any CPU = Debug|Any CPU
		Release|Any CPU = Release|Any CPU
	EndGlobalSection
	GlobalSection(ProjectConfigurationPlatforms) = postSolution
		{EA37C9AB-82FC-4BB9-BAAC-1B6306EA1237}.Debug|Any CPU.ActiveCfg = Debug|Any CPU
		{EA37C9AB-82FC-4BB9-BAAC-1B6306EA1237}.Debug|Any CPU.Build.0 = Debug|Any CPU
		{EA37C9AB-82FC-4BB9-BAAC-1B6306EA1237}.Release|Any CPU.ActiveCfg = Release|Any CPU
		{EA37C9AB-82FC-4BB9-BAAC-1B6306EA1237}.Release|Any CPU.Build.0 = Release|Any CPU
	EndGlobalSection
	GlobalSection(SolutionProperties) = preSolution
		HideSolutionNode = FALSE
	EndGlobalSection
	GlobalSection(ExtensibilityGlobals) = postSolution
		SolutionGuid = {488252B3-BB00-45C2-A076-33224D8F0673}
	EndGlobalSection
EndGlobal
